// !$*UTF8*$!
{
	archiveVersion = 1;
	classes = {
	};
	objectVersion = 55;
	objects = {

/* Begin PBXBuildFile section */
		AC3325E92A715E7100F9961B /* WidgetExtensionBundle.swift in Sources */ = {isa = PBXBuildFile; fileRef = AC3325E82A715E7100F9961B /* WidgetExtensionBundle.swift */; };
		AC3325EB2A715E7100F9961B /* WidgetExtension.swift in Sources */ = {isa = PBXBuildFile; fileRef = AC3325EA2A715E7100F9961B /* WidgetExtension.swift */; };
		AC3325ED2A715E7200F9961B /* Assets.xcassets in Resources */ = {isa = PBXBuildFile; fileRef = AC3325EC2A715E7200F9961B /* Assets.xcassets */; };
		AC3325F12A715E7200F9961B /* WidgetExtensionExtension.appex in Embed Foundation Extensions */ = {isa = PBXBuildFile; fileRef = AC3325E42A715E7100F9961B /* WidgetExtensionExtension.appex */; settings = {ATTRIBUTES = (RemoveHeadersOnCopy, ); }; };
		AC3325F72A715ED500F9961B /* WidgetView.swift in Sources */ = {isa = PBXBuildFile; fileRef = AC3325F52A715EA200F9961B /* WidgetView.swift */; };
		AC3325FA2A715F0300F9961B /* SwiftUI.framework in Frameworks */ = {isa = PBXBuildFile; fileRef = AC6B67432A7052C900B8A7F0 /* SwiftUI.framework */; };
		AC3325FD2A715F0500F9961B /* WidgetKit.framework in Frameworks */ = {isa = PBXBuildFile; fileRef = AC6B67412A7052C900B8A7F0 /* WidgetKit.framework */; };
		AC3326012A715F9F00F9961B /* Provider.swift in Sources */ = {isa = PBXBuildFile; fileRef = AC3325FF2A715F9200F9961B /* Provider.swift */; };
		AC3326032A715FB900F9961B /* Entry.swift in Sources */ = {isa = PBXBuildFile; fileRef = AC3326022A715FB900F9961B /* Entry.swift */; };
		AC3326062A71616200F9961B /* MediumWidgetView.swift in Sources */ = {isa = PBXBuildFile; fileRef = AC3326052A71616200F9961B /* MediumWidgetView.swift */; };
		AC3326082A71617400F9961B /* LargeWidgetView.swift in Sources */ = {isa = PBXBuildFile; fileRef = AC3326072A71617400F9961B /* LargeWidgetView.swift */; };
		AC3326092A71722200F9961B /* TodoService.swift in Sources */ = {isa = PBXBuildFile; fileRef = AC6B67352A70383400B8A7F0 /* TodoService.swift */; };
		AC33260A2A71722600F9961B /* TodoModel.swift in Sources */ = {isa = PBXBuildFile; fileRef = AC6B672F2A7036AB00B8A7F0 /* TodoModel.swift */; };
		AC33260B2A71722B00F9961B /* NetworkManager.swift in Sources */ = {isa = PBXBuildFile; fileRef = AC6B67322A7036CA00B8A7F0 /* NetworkManager.swift */; };
		AC6B671F2A7035B000B8A7F0 /* SwiftUIWidgetKitApp.swift in Sources */ = {isa = PBXBuildFile; fileRef = AC6B671E2A7035B000B8A7F0 /* SwiftUIWidgetKitApp.swift */; };
		AC6B67232A7035B100B8A7F0 /* Assets.xcassets in Resources */ = {isa = PBXBuildFile; fileRef = AC6B67222A7035B100B8A7F0 /* Assets.xcassets */; };
		AC6B67262A7035B100B8A7F0 /* Preview Assets.xcassets in Resources */ = {isa = PBXBuildFile; fileRef = AC6B67252A7035B100B8A7F0 /* Preview Assets.xcassets */; };
		AC6B67302A7036AB00B8A7F0 /* TodoModel.swift in Sources */ = {isa = PBXBuildFile; fileRef = AC6B672F2A7036AB00B8A7F0 /* TodoModel.swift */; };
		AC6B67332A7036CA00B8A7F0 /* NetworkManager.swift in Sources */ = {isa = PBXBuildFile; fileRef = AC6B67322A7036CA00B8A7F0 /* NetworkManager.swift */; };
		AC6B67362A70383400B8A7F0 /* TodoService.swift in Sources */ = {isa = PBXBuildFile; fileRef = AC6B67352A70383400B8A7F0 /* TodoService.swift */; };
		AC6B67382A7038E300B8A7F0 /* TodoListViewModel.swift in Sources */ = {isa = PBXBuildFile; fileRef = AC6B67372A7038E300B8A7F0 /* TodoListViewModel.swift */; };
		AC6B673A2A7039B900B8A7F0 /* TodoListView.swift in Sources */ = {isa = PBXBuildFile; fileRef = AC6B67392A7039B900B8A7F0 /* TodoListView.swift */; };
/* End PBXBuildFile section */

/* Begin PBXContainerItemProxy section */
		AC3325EF2A715E7200F9961B /* PBXContainerItemProxy */ = {
			isa = PBXContainerItemProxy;
			containerPortal = AC6B67132A7035B000B8A7F0 /* Project object */;
			proxyType = 1;
			remoteGlobalIDString = AC3325E32A715E7100F9961B;
			remoteInfo = WidgetExtensionExtension;
		};
/* End PBXContainerItemProxy section */

/* Begin PBXCopyFilesBuildPhase section */
		AC6B67532A7052CA00B8A7F0 /* Embed Foundation Extensions */ = {
			isa = PBXCopyFilesBuildPhase;
			buildActionMask = 2147483647;
			dstPath = "";
			dstSubfolderSpec = 13;
			files = (
				AC3325F12A715E7200F9961B /* WidgetExtensionExtension.appex in Embed Foundation Extensions */,
			);
			name = "Embed Foundation Extensions";
			runOnlyForDeploymentPostprocessing = 0;
		};
/* End PBXCopyFilesBuildPhase section */

/* Begin PBXFileReference section */
		AC3325E42A715E7100F9961B /* WidgetExtensionExtension.appex */ = {isa = PBXFileReference; explicitFileType = "wrapper.app-extension"; includeInIndex = 0; path = WidgetExtensionExtension.appex; sourceTree = BUILT_PRODUCTS_DIR; };
		AC3325E82A715E7100F9961B /* WidgetExtensionBundle.swift */ = {isa = PBXFileReference; lastKnownFileType = sourcecode.swift; path = WidgetExtensionBundle.swift; sourceTree = "<group>"; };
		AC3325EA2A715E7100F9961B /* WidgetExtension.swift */ = {isa = PBXFileReference; lastKnownFileType = sourcecode.swift; path = WidgetExtension.swift; sourceTree = "<group>"; };
		AC3325EC2A715E7200F9961B /* Assets.xcassets */ = {isa = PBXFileReference; lastKnownFileType = folder.assetcatalog; path = Assets.xcassets; sourceTree = "<group>"; };
		AC3325EE2A715E7200F9961B /* Info.plist */ = {isa = PBXFileReference; lastKnownFileType = text.plist.xml; path = Info.plist; sourceTree = "<group>"; };
		AC3325F52A715EA200F9961B /* WidgetView.swift */ = {isa = PBXFileReference; lastKnownFileType = sourcecode.swift; path = WidgetView.swift; sourceTree = "<group>"; };
		AC3325FF2A715F9200F9961B /* Provider.swift */ = {isa = PBXFileReference; lastKnownFileType = sourcecode.swift; path = Provider.swift; sourceTree = "<group>"; };
		AC3326022A715FB900F9961B /* Entry.swift */ = {isa = PBXFileReference; lastKnownFileType = sourcecode.swift; path = Entry.swift; sourceTree = "<group>"; };
		AC3326052A71616200F9961B /* MediumWidgetView.swift */ = {isa = PBXFileReference; lastKnownFileType = sourcecode.swift; path = MediumWidgetView.swift; sourceTree = "<group>"; };
		AC3326072A71617400F9961B /* LargeWidgetView.swift */ = {isa = PBXFileReference; lastKnownFileType = sourcecode.swift; path = LargeWidgetView.swift; sourceTree = "<group>"; };
		AC6B671B2A7035B000B8A7F0 /* SwiftUIWidgetKit.app */ = {isa = PBXFileReference; explicitFileType = wrapper.application; includeInIndex = 0; path = SwiftUIWidgetKit.app; sourceTree = BUILT_PRODUCTS_DIR; };
		AC6B671E2A7035B000B8A7F0 /* SwiftUIWidgetKitApp.swift */ = {isa = PBXFileReference; lastKnownFileType = sourcecode.swift; path = SwiftUIWidgetKitApp.swift; sourceTree = "<group>"; };
		AC6B67222A7035B100B8A7F0 /* Assets.xcassets */ = {isa = PBXFileReference; lastKnownFileType = folder.assetcatalog; path = Assets.xcassets; sourceTree = "<group>"; };
		AC6B67252A7035B100B8A7F0 /* Preview Assets.xcassets */ = {isa = PBXFileReference; lastKnownFileType = folder.assetcatalog; path = "Preview Assets.xcassets"; sourceTree = "<group>"; };
		AC6B672F2A7036AB00B8A7F0 /* TodoModel.swift */ = {isa = PBXFileReference; lastKnownFileType = sourcecode.swift; path = TodoModel.swift; sourceTree = "<group>"; };
		AC6B67322A7036CA00B8A7F0 /* NetworkManager.swift */ = {isa = PBXFileReference; lastKnownFileType = sourcecode.swift; path = NetworkManager.swift; sourceTree = "<group>"; };
		AC6B67352A70383400B8A7F0 /* TodoService.swift */ = {isa = PBXFileReference; lastKnownFileType = sourcecode.swift; path = TodoService.swift; sourceTree = "<group>"; };
		AC6B67372A7038E300B8A7F0 /* TodoListViewModel.swift */ = {isa = PBXFileReference; lastKnownFileType = sourcecode.swift; path = TodoListViewModel.swift; sourceTree = "<group>"; };
		AC6B67392A7039B900B8A7F0 /* TodoListView.swift */ = {isa = PBXFileReference; lastKnownFileType = sourcecode.swift; path = TodoListView.swift; sourceTree = "<group>"; };
		AC6B67412A7052C900B8A7F0 /* WidgetKit.framework */ = {isa = PBXFileReference; lastKnownFileType = wrapper.framework; name = WidgetKit.framework; path = System/Library/Frameworks/WidgetKit.framework; sourceTree = SDKROOT; };
		AC6B67432A7052C900B8A7F0 /* SwiftUI.framework */ = {isa = PBXFileReference; lastKnownFileType = wrapper.framework; name = SwiftUI.framework; path = System/Library/Frameworks/SwiftUI.framework; sourceTree = SDKROOT; };
/* End PBXFileReference section */

/* Begin PBXFrameworksBuildPhase section */
		AC3325E12A715E7100F9961B /* Frameworks */ = {
			isa = PBXFrameworksBuildPhase;
			buildActionMask = 2147483647;
			files = (
				AC3325FA2A715F0300F9961B /* SwiftUI.framework in Frameworks */,
				AC3325FD2A715F0500F9961B /* WidgetKit.framework in Frameworks */,
			);
			runOnlyForDeploymentPostprocessing = 0;
		};
		AC6B67182A7035B000B8A7F0 /* Frameworks */ = {
			isa = PBXFrameworksBuildPhase;
			buildActionMask = 2147483647;
			files = (
			);
			runOnlyForDeploymentPostprocessing = 0;
		};
/* End PBXFrameworksBuildPhase section */

/* Begin PBXGroup section */
		AC3325E72A715E7100F9961B /* WidgetExtension */ = {
			isa = PBXGroup;
			children = (
				AC3325E82A715E7100F9961B /* WidgetExtensionBundle.swift */,
				AC3325EA2A715E7100F9961B /* WidgetExtension.swift */,
				AC3326042A71614E00F9961B /* Views */,
				AC3325FF2A715F9200F9961B /* Provider.swift */,
				AC3326022A715FB900F9961B /* Entry.swift */,
				AC3325EC2A715E7200F9961B /* Assets.xcassets */,
				AC3325EE2A715E7200F9961B /* Info.plist */,
			);
			path = WidgetExtension;
			sourceTree = "<group>";
		};
		AC3326042A71614E00F9961B /* Views */ = {
			isa = PBXGroup;
			children = (
				AC3325F52A715EA200F9961B /* WidgetView.swift */,
				AC3326052A71616200F9961B /* MediumWidgetView.swift */,
				AC3326072A71617400F9961B /* LargeWidgetView.swift */,
			);
			path = Views;
			sourceTree = "<group>";
		};
		AC6B67122A7035B000B8A7F0 = {
			isa = PBXGroup;
			children = (
				AC6B671D2A7035B000B8A7F0 /* SwiftUIWidgetKit */,
				AC3325E72A715E7100F9961B /* WidgetExtension */,
				AC6B67402A7052C900B8A7F0 /* Frameworks */,
				AC6B671C2A7035B000B8A7F0 /* Products */,
			);
			sourceTree = "<group>";
		};
		AC6B671C2A7035B000B8A7F0 /* Products */ = {
			isa = PBXGroup;
			children = (
				AC6B671B2A7035B000B8A7F0 /* SwiftUIWidgetKit.app */,
				AC3325E42A715E7100F9961B /* WidgetExtensionExtension.appex */,
			);
			name = Products;
			sourceTree = "<group>";
		};
		AC6B671D2A7035B000B8A7F0 /* SwiftUIWidgetKit */ = {
			isa = PBXGroup;
			children = (
				AC6B671E2A7035B000B8A7F0 /* SwiftUIWidgetKitApp.swift */,
				AC6B67312A7036BE00B8A7F0 /* Networking */,
				AC6B67342A70382700B8A7F0 /* Service */,
				AC6B672E2A70369E00B8A7F0 /* Model */,
				AC6B672D2A70369900B8A7F0 /* ViewModel */,
				AC6B672C2A70369400B8A7F0 /* View */,
				AC6B67222A7035B100B8A7F0 /* Assets.xcassets */,
				AC6B67242A7035B100B8A7F0 /* Preview Content */,
			);
			path = SwiftUIWidgetKit;
			sourceTree = "<group>";
		};
		AC6B67242A7035B100B8A7F0 /* Preview Content */ = {
			isa = PBXGroup;
			children = (
				AC6B67252A7035B100B8A7F0 /* Preview Assets.xcassets */,
			);
			path = "Preview Content";
			sourceTree = "<group>";
		};
		AC6B672C2A70369400B8A7F0 /* View */ = {
			isa = PBXGroup;
			children = (
				AC6B67392A7039B900B8A7F0 /* TodoListView.swift */,
			);
			path = View;
			sourceTree = "<group>";
		};
		AC6B672D2A70369900B8A7F0 /* ViewModel */ = {
			isa = PBXGroup;
			children = (
				AC6B67372A7038E300B8A7F0 /* TodoListViewModel.swift */,
			);
			path = ViewModel;
			sourceTree = "<group>";
		};
		AC6B672E2A70369E00B8A7F0 /* Model */ = {
			isa = PBXGroup;
			children = (
				AC6B672F2A7036AB00B8A7F0 /* TodoModel.swift */,
			);
			path = Model;
			sourceTree = "<group>";
		};
		AC6B67312A7036BE00B8A7F0 /* Networking */ = {
			isa = PBXGroup;
			children = (
				AC6B67322A7036CA00B8A7F0 /* NetworkManager.swift */,
			);
			path = Networking;
			sourceTree = "<group>";
		};
		AC6B67342A70382700B8A7F0 /* Service */ = {
			isa = PBXGroup;
			children = (
				AC6B67352A70383400B8A7F0 /* TodoService.swift */,
			);
			path = Service;
			sourceTree = "<group>";
		};
		AC6B67402A7052C900B8A7F0 /* Frameworks */ = {
			isa = PBXGroup;
			children = (
				AC6B67412A7052C900B8A7F0 /* WidgetKit.framework */,
				AC6B67432A7052C900B8A7F0 /* SwiftUI.framework */,
			);
			name = Frameworks;
			sourceTree = "<group>";
		};
/* End PBXGroup section */

/* Begin PBXNativeTarget section */
		AC3325E32A715E7100F9961B /* WidgetExtensionExtension */ = {
			isa = PBXNativeTarget;
			buildConfigurationList = AC3325F22A715E7200F9961B /* Build configuration list for PBXNativeTarget "WidgetExtensionExtension" */;
			buildPhases = (
				AC3325E02A715E7100F9961B /* Sources */,
				AC3325E12A715E7100F9961B /* Frameworks */,
				AC3325E22A715E7100F9961B /* Resources */,
			);
			buildRules = (
			);
			dependencies = (
			);
			name = WidgetExtensionExtension;
			productName = WidgetExtensionExtension;
			productReference = AC3325E42A715E7100F9961B /* WidgetExtensionExtension.appex */;
			productType = "com.apple.product-type.app-extension";
		};
		AC6B671A2A7035B000B8A7F0 /* SwiftUIWidgetKit */ = {
			isa = PBXNativeTarget;
			buildConfigurationList = AC6B67292A7035B100B8A7F0 /* Build configuration list for PBXNativeTarget "SwiftUIWidgetKit" */;
			buildPhases = (
				AC6B67172A7035B000B8A7F0 /* Sources */,
				AC6B67182A7035B000B8A7F0 /* Frameworks */,
				AC6B67192A7035B000B8A7F0 /* Resources */,
				AC6B67532A7052CA00B8A7F0 /* Embed Foundation Extensions */,
			);
			buildRules = (
			);
			dependencies = (
				AC3325F02A715E7200F9961B /* PBXTargetDependency */,
			);
			name = SwiftUIWidgetKit;
			productName = SwiftUIWidgetKit;
			productReference = AC6B671B2A7035B000B8A7F0 /* SwiftUIWidgetKit.app */;
			productType = "com.apple.product-type.application";
		};
/* End PBXNativeTarget section */

/* Begin PBXProject section */
		AC6B67132A7035B000B8A7F0 /* Project object */ = {
			isa = PBXProject;
			attributes = {
				BuildIndependentTargetsInParallel = 1;
				LastSwiftUpdateCheck = 1430;
				LastUpgradeCheck = 1430;
				TargetAttributes = {
					AC3325E32A715E7100F9961B = {
						CreatedOnToolsVersion = 14.3;
					};
					AC6B671A2A7035B000B8A7F0 = {
						CreatedOnToolsVersion = 14.3;
					};
				};
			};
			buildConfigurationList = AC6B67162A7035B000B8A7F0 /* Build configuration list for PBXProject "SwiftUIWidgetKit" */;
			compatibilityVersion = "Xcode 13.0";
			developmentRegion = en;
			hasScannedForEncodings = 0;
			knownRegions = (
				en,
				Base,
			);
			mainGroup = AC6B67122A7035B000B8A7F0;
			productRefGroup = AC6B671C2A7035B000B8A7F0 /* Products */;
			projectDirPath = "";
			projectRoot = "";
			targets = (
				AC6B671A2A7035B000B8A7F0 /* SwiftUIWidgetKit */,
				AC3325E32A715E7100F9961B /* WidgetExtensionExtension */,
			);
		};
/* End PBXProject section */

/* Begin PBXResourcesBuildPhase section */
		AC3325E22A715E7100F9961B /* Resources */ = {
			isa = PBXResourcesBuildPhase;
			buildActionMask = 2147483647;
			files = (
				AC3325ED2A715E7200F9961B /* Assets.xcassets in Resources */,
			);
			runOnlyForDeploymentPostprocessing = 0;
		};
		AC6B67192A7035B000B8A7F0 /* Resources */ = {
			isa = PBXResourcesBuildPhase;
			buildActionMask = 2147483647;
			files = (
				AC6B67262A7035B100B8A7F0 /* Preview Assets.xcassets in Resources */,
				AC6B67232A7035B100B8A7F0 /* Assets.xcassets in Resources */,
			);
			runOnlyForDeploymentPostprocessing = 0;
		};
/* End PBXResourcesBuildPhase section */

/* Begin PBXSourcesBuildPhase section */
		AC3325E02A715E7100F9961B /* Sources */ = {
			isa = PBXSourcesBuildPhase;
			buildActionMask = 2147483647;
			files = (
				AC33260A2A71722600F9961B /* TodoModel.swift in Sources */,
				AC3326032A715FB900F9961B /* Entry.swift in Sources */,
				AC33260B2A71722B00F9961B /* NetworkManager.swift in Sources */,
				AC3326012A715F9F00F9961B /* Provider.swift in Sources */,
				AC3325F72A715ED500F9961B /* WidgetView.swift in Sources */,
				AC3326092A71722200F9961B /* TodoService.swift in Sources */,
				AC3326082A71617400F9961B /* LargeWidgetView.swift in Sources */,
				AC3326062A71616200F9961B /* MediumWidgetView.swift in Sources */,
				AC3325E92A715E7100F9961B /* WidgetExtensionBundle.swift in Sources */,
				AC3325EB2A715E7100F9961B /* WidgetExtension.swift in Sources */,
			);
			runOnlyForDeploymentPostprocessing = 0;
		};
		AC6B67172A7035B000B8A7F0 /* Sources */ = {
			isa = PBXSourcesBuildPhase;
			buildActionMask = 2147483647;
			files = (
				AC6B67382A7038E300B8A7F0 /* TodoListViewModel.swift in Sources */,
				AC6B67332A7036CA00B8A7F0 /* NetworkManager.swift in Sources */,
				AC6B673A2A7039B900B8A7F0 /* TodoListView.swift in Sources */,
				AC6B67302A7036AB00B8A7F0 /* TodoModel.swift in Sources */,
				AC6B67362A70383400B8A7F0 /* TodoService.swift in Sources */,
				AC6B671F2A7035B000B8A7F0 /* SwiftUIWidgetKitApp.swift in Sources */,
			);
			runOnlyForDeploymentPostprocessing = 0;
		};
/* End PBXSourcesBuildPhase section */

/* Begin PBXTargetDependency section */
		AC3325F02A715E7200F9961B /* PBXTargetDependency */ = {
			isa = PBXTargetDependency;
			target = AC3325E32A715E7100F9961B /* WidgetExtensionExtension */;
			targetProxy = AC3325EF2A715E7200F9961B /* PBXContainerItemProxy */;
		};
/* End PBXTargetDependency section */

/* Begin XCBuildConfiguration section */
		AC3325F32A715E7200F9961B /* Debug */ = {
			isa = XCBuildConfiguration;
			buildSettings = {
				ASSETCATALOG_COMPILER_GLOBAL_ACCENT_COLOR_NAME = AccentColor;
				ASSETCATALOG_COMPILER_WIDGET_BACKGROUND_COLOR_NAME = WidgetBackground;
				CODE_SIGN_STYLE = Automatic;
				CURRENT_PROJECT_VERSION = 1;
				DEVELOPMENT_TEAM = M4SYRBQBFW;
				GENERATE_INFOPLIST_FILE = YES;
				INFOPLIST_FILE = WidgetExtension/Info.plist;
				INFOPLIST_KEY_CFBundleDisplayName = WidgetExtension;
				INFOPLIST_KEY_NSHumanReadableCopyright = "";
				IPHONEOS_DEPLOYMENT_TARGET = 14.0;
				LD_RUNPATH_SEARCH_PATHS = (
					"$(inherited)",
					"@executable_path/Frameworks",
					"@executable_path/../../Frameworks",
				);
				MARKETING_VERSION = 1.0;
				PRODUCT_BUNDLE_IDENTIFIER = com.AhmedAmin.SwiftUIWidgetKit.WidgetExtension;
				PRODUCT_NAME = "$(TARGET_NAME)";
				SKIP_INSTALL = YES;
				SWIFT_EMIT_LOC_STRINGS = YES;
				SWIFT_VERSION = 5.0;
				TARGETED_DEVICE_FAMILY = 1;
			};
			name = Debug;
		};
		AC3325F42A715E7200F9961B /* Release */ = {
			isa = XCBuildConfiguration;
			buildSettings = {
				ASSETCATALOG_COMPILER_GLOBAL_ACCENT_COLOR_NAME = AccentColor;
				ASSETCATALOG_COMPILER_WIDGET_BACKGROUND_COLOR_NAME = WidgetBackground;
				CODE_SIGN_STYLE = Automatic;
				CURRENT_PROJECT_VERSION = 1;
				DEVELOPMENT_TEAM = M4SYRBQBFW;
				GENERATE_INFOPLIST_FILE = YES;
				INFOPLIST_FILE = WidgetExtension/Info.plist;
				INFOPLIST_KEY_CFBundleDisplayName = WidgetExtension;
				INFOPLIST_KEY_NSHumanReadableCopyright = "";
				IPHONEOS_DEPLOYMENT_TARGET = 14.0;
				LD_RUNPATH_SEARCH_PATHS = (
					"$(inherited)",
					"@executable_path/Frameworks",
					"@executable_path/../../Frameworks",
				);
				MARKETING_VERSION = 1.0;
				PRODUCT_BUNDLE_IDENTIFIER = com.AhmedAmin.SwiftUIWidgetKit.WidgetExtension;
				PRODUCT_NAME = "$(TARGET_NAME)";
				SKIP_INSTALL = YES;
				SWIFT_EMIT_LOC_STRINGS = YES;
				SWIFT_VERSION = 5.0;
				TARGETED_DEVICE_FAMILY = 1;
			};
			name = Release;
		};
		AC6B67272A7035B100B8A7F0 /* Debug */ = {
			isa = XCBuildConfiguration;
			buildSettings = {
				ALWAYS_SEARCH_USER_PATHS = NO;
				CLANG_ANALYZER_NONNULL = YES;
				CLANG_ANALYZER_NUMBER_OBJECT_CONVERSION = YES_AGGRESSIVE;
				CLANG_CXX_LANGUAGE_STANDARD = "gnu++20";
				CLANG_ENABLE_MODULES = YES;
				CLANG_ENABLE_OBJC_ARC = YES;
				CLANG_ENABLE_OBJC_WEAK = YES;
				CLANG_WARN_BLOCK_CAPTURE_AUTORELEASING = YES;
				CLANG_WARN_BOOL_CONVERSION = YES;
				CLANG_WARN_COMMA = YES;
				CLANG_WARN_CONSTANT_CONVERSION = YES;
				CLANG_WARN_DEPRECATED_OBJC_IMPLEMENTATIONS = YES;
				CLANG_WARN_DIRECT_OBJC_ISA_USAGE = YES_ERROR;
				CLANG_WARN_DOCUMENTATION_COMMENTS = YES;
				CLANG_WARN_EMPTY_BODY = YES;
				CLANG_WARN_ENUM_CONVERSION = YES;
				CLANG_WARN_INFINITE_RECURSION = YES;
				CLANG_WARN_INT_CONVERSION = YES;
				CLANG_WARN_NON_LITERAL_NULL_CONVERSION = YES;
				CLANG_WARN_OBJC_IMPLICIT_RETAIN_SELF = YES;
				CLANG_WARN_OBJC_LITERAL_CONVERSION = YES;
				CLANG_WARN_OBJC_ROOT_CLASS = YES_ERROR;
				CLANG_WARN_QUOTED_INCLUDE_IN_FRAMEWORK_HEADER = YES;
				CLANG_WARN_RANGE_LOOP_ANALYSIS = YES;
				CLANG_WARN_STRICT_PROTOTYPES = YES;
				CLANG_WARN_SUSPICIOUS_MOVE = YES;
				CLANG_WARN_UNGUARDED_AVAILABILITY = YES_AGGRESSIVE;
				CLANG_WARN_UNREACHABLE_CODE = YES;
				CLANG_WARN__DUPLICATE_METHOD_MATCH = YES;
				COPY_PHASE_STRIP = NO;
				DEBUG_INFORMATION_FORMAT = dwarf;
				ENABLE_STRICT_OBJC_MSGSEND = YES;
				ENABLE_TESTABILITY = YES;
				GCC_C_LANGUAGE_STANDARD = gnu11;
				GCC_DYNAMIC_NO_PIC = NO;
				GCC_NO_COMMON_BLOCKS = YES;
				GCC_OPTIMIZATION_LEVEL = 0;
				GCC_PREPROCESSOR_DEFINITIONS = (
					"DEBUG=1",
					"$(inherited)",
				);
				GCC_WARN_64_TO_32_BIT_CONVERSION = YES;
				GCC_WARN_ABOUT_RETURN_TYPE = YES_ERROR;
				GCC_WARN_UNDECLARED_SELECTOR = YES;
				GCC_WARN_UNINITIALIZED_AUTOS = YES_AGGRESSIVE;
				GCC_WARN_UNUSED_FUNCTION = YES;
				GCC_WARN_UNUSED_VARIABLE = YES;
				IPHONEOS_DEPLOYMENT_TARGET = 14.0;
				MTL_ENABLE_DEBUG_INFO = INCLUDE_SOURCE;
				MTL_FAST_MATH = YES;
				ONLY_ACTIVE_ARCH = YES;
				SDKROOT = iphoneos;
				SWIFT_ACTIVE_COMPILATION_CONDITIONS = DEBUG;
				SWIFT_OPTIMIZATION_LEVEL = "-Onone";
			};
			name = Debug;
		};
		AC6B67282A7035B100B8A7F0 /* Release */ = {
			isa = XCBuildConfiguration;
			buildSettings = {
				ALWAYS_SEARCH_USER_PATHS = NO;
				CLANG_ANALYZER_NONNULL = YES;
				CLANG_ANALYZER_NUMBER_OBJECT_CONVERSION = YES_AGGRESSIVE;
				CLANG_CXX_LANGUAGE_STANDARD = "gnu++20";
				CLANG_ENABLE_MODULES = YES;
				CLANG_ENABLE_OBJC_ARC = YES;
				CLANG_ENABLE_OBJC_WEAK = YES;
				CLANG_WARN_BLOCK_CAPTURE_AUTORELEASING = YES;
				CLANG_WARN_BOOL_CONVERSION = YES;
				CLANG_WARN_COMMA = YES;
				CLANG_WARN_CONSTANT_CONVERSION = YES;
				CLANG_WARN_DEPRECATED_OBJC_IMPLEMENTATIONS = YES;
				CLANG_WARN_DIRECT_OBJC_ISA_USAGE = YES_ERROR;
				CLANG_WARN_DOCUMENTATION_COMMENTS = YES;
				CLANG_WARN_EMPTY_BODY = YES;
				CLANG_WARN_ENUM_CONVERSION = YES;
				CLANG_WARN_INFINITE_RECURSION = YES;
				CLANG_WARN_INT_CONVERSION = YES;
				CLANG_WARN_NON_LITERAL_NULL_CONVERSION = YES;
				CLANG_WARN_OBJC_IMPLICIT_RETAIN_SELF = YES;
				CLANG_WARN_OBJC_LITERAL_CONVERSION = YES;
				CLANG_WARN_OBJC_ROOT_CLASS = YES_ERROR;
				CLANG_WARN_QUOTED_INCLUDE_IN_FRAMEWORK_HEADER = YES;
				CLANG_WARN_RANGE_LOOP_ANALYSIS = YES;
				CLANG_WARN_STRICT_PROTOTYPES = YES;
				CLANG_WARN_SUSPICIOUS_MOVE = YES;
				CLANG_WARN_UNGUARDED_AVAILABILITY = YES_AGGRESSIVE;
				CLANG_WARN_UNREACHABLE_CODE = YES;
				CLANG_WARN__DUPLICATE_METHOD_MATCH = YES;
				COPY_PHASE_STRIP = NO;
				DEBUG_INFORMATION_FORMAT = "dwarf-with-dsym";
				ENABLE_NS_ASSERTIONS = NO;
				ENABLE_STRICT_OBJC_MSGSEND = YES;
				GCC_C_LANGUAGE_STANDARD = gnu11;
				GCC_NO_COMMON_BLOCKS = YES;
				GCC_WARN_64_TO_32_BIT_CONVERSION = YES;
				GCC_WARN_ABOUT_RETURN_TYPE = YES_ERROR;
				GCC_WARN_UNDECLARED_SELECTOR = YES;
				GCC_WARN_UNINITIALIZED_AUTOS = YES_AGGRESSIVE;
				GCC_WARN_UNUSED_FUNCTION = YES;
				GCC_WARN_UNUSED_VARIABLE = YES;
				IPHONEOS_DEPLOYMENT_TARGET = 14.0;
				MTL_ENABLE_DEBUG_INFO = NO;
				MTL_FAST_MATH = YES;
				SDKROOT = iphoneos;
				SWIFT_COMPILATION_MODE = wholemodule;
				SWIFT_OPTIMIZATION_LEVEL = "-O";
				VALIDATE_PRODUCT = YES;
			};
			name = Release;
		};
		AC6B672A2A7035B100B8A7F0 /* Debug */ = {
			isa = XCBuildConfiguration;
			buildSettings = {
				ALWAYS_EMBED_SWIFT_STANDARD_LIBRARIES = YES;
				ASSETCATALOG_COMPILER_APPICON_NAME = AppIcon;
				ASSETCATALOG_COMPILER_GLOBAL_ACCENT_COLOR_NAME = AccentColor;
				CODE_SIGN_STYLE = Automatic;
				CURRENT_PROJECT_VERSION = 1;
				DEVELOPMENT_ASSET_PATHS = "\"SwiftUIWidgetKit/Preview Content\"";
				DEVELOPMENT_TEAM = M4SYRBQBFW;
				ENABLE_PREVIEWS = YES;
				GENERATE_INFOPLIST_FILE = YES;
				INFOPLIST_KEY_UIApplicationSceneManifest_Generation = YES;
				INFOPLIST_KEY_UIApplicationSupportsIndirectInputEvents = YES;
				INFOPLIST_KEY_UILaunchScreen_Generation = YES;
				INFOPLIST_KEY_UISupportedInterfaceOrientations = UIInterfaceOrientationPortrait;
				IPHONEOS_DEPLOYMENT_TARGET = 14.0;
				LD_RUNPATH_SEARCH_PATHS = (
					"$(inherited)",
					"@executable_path/Frameworks",
				);
				MARKETING_VERSION = 1.0;
				PRODUCT_BUNDLE_IDENTIFIER = com.AhmedAmin.SwiftUIWidgetKit;
				PRODUCT_NAME = "$(TARGET_NAME)";
				SUPPORTED_PLATFORMS = "iphoneos iphonesimulator";
				SUPPORTS_MACCATALYST = NO;
				SUPPORTS_MAC_DESIGNED_FOR_IPHONE_IPAD = NO;
				SWIFT_EMIT_LOC_STRINGS = YES;
				SWIFT_VERSION = 5.0;
				TARGETED_DEVICE_FAMILY = "1,2";
			};
			name = Debug;
		};
		AC6B672B2A7035B100B8A7F0 /* Release */ = {
			isa = XCBuildConfiguration;
			buildSettings = {
				ALWAYS_EMBED_SWIFT_STANDARD_LIBRARIES = YES;
				ASSETCATALOG_COMPILER_APPICON_NAME = AppIcon;
				ASSETCATALOG_COMPILER_GLOBAL_ACCENT_COLOR_NAME = AccentColor;
				CODE_SIGN_STYLE = Automatic;
				CURRENT_PROJECT_VERSION = 1;
				DEVELOPMENT_ASSET_PATHS = "\"SwiftUIWidgetKit/Preview Content\"";
				DEVELOPMENT_TEAM = M4SYRBQBFW;
				ENABLE_PREVIEWS = YES;
				GENERATE_INFOPLIST_FILE = YES;
				INFOPLIST_KEY_UIApplicationSceneManifest_Generation = YES;
				INFOPLIST_KEY_UIApplicationSupportsIndirectInputEvents = YES;
				INFOPLIST_KEY_UILaunchScreen_Generation = YES;
				INFOPLIST_KEY_UISupportedInterfaceOrientations = UIInterfaceOrientationPortrait;
				IPHONEOS_DEPLOYMENT_TARGET = 14.0;
				LD_RUNPATH_SEARCH_PATHS = (
					"$(inherited)",
					"@executable_path/Frameworks",
				);
				MARKETING_VERSION = 1.0;
				PRODUCT_BUNDLE_IDENTIFIER = com.AhmedAmin.SwiftUIWidgetKit;
				PRODUCT_NAME = "$(TARGET_NAME)";
				SUPPORTED_PLATFORMS = "iphoneos iphonesimulator";
				SUPPORTS_MACCATALYST = NO;
				SUPPORTS_MAC_DESIGNED_FOR_IPHONE_IPAD = NO;
				SWIFT_EMIT_LOC_STRINGS = YES;
				SWIFT_VERSION = 5.0;
				TARGETED_DEVICE_FAMILY = "1,2";
			};
			name = Release;
		};
/* End XCBuildConfiguration section */

/* Begin XCConfigurationList section */
		AC3325F22A715E7200F9961B /* Build configuration list for PBXNativeTarget "WidgetExtensionExtension" */ = {
			isa = XCConfigurationList;
			buildConfigurations = (
				AC3325F32A715E7200F9961B /* Debug */,
				AC3325F42A715E7200F9961B /* Release */,
			);
			defaultConfigurationIsVisible = 0;
			defaultConfigurationName = Release;
		};
		AC6B67162A7035B000B8A7F0 /* Build configuration list for PBXProject "SwiftUIWidgetKit" */ = {
			isa = XCConfigurationList;
			buildConfigurations = (
				AC6B67272A7035B100B8A7F0 /* Debug */,
				AC6B67282A7035B100B8A7F0 /* Release */,
			);
			defaultConfigurationIsVisible = 0;
			defaultConfigurationName = Release;
		};
		AC6B67292A7035B100B8A7F0 /* Build configuration list for PBXNativeTarget "SwiftUIWidgetKit" */ = {
			isa = XCConfigurationList;
			buildConfigurations = (
				AC6B672A2A7035B100B8A7F0 /* Debug */,
				AC6B672B2A7035B100B8A7F0 /* Release */,
			);
			defaultConfigurationIsVisible = 0;
			defaultConfigurationName = Release;
		};
/* End XCConfigurationList section */
	};
	rootObject = AC6B67132A7035B000B8A7F0 /* Project object */;
}
